
Microsoft Visual Studio Solution File, Format Version 12.00
# Visual Studio Version 17
VisualStudioVersion = 17.12.35527.113
MinimumVisualStudioVersion = 10.0.40219.1
Project("{2150E333-8FDC-42A3-9474-1A3956D46DE8}") = "solution-starter", "solution-starter", "{AB838181-5BF5-469A-9A3E-FBD023795061}"
	ProjectSection(SolutionItems) = preProject
		.dockerignore = .dockerignore
		docker-compose.override.yml = docker-compose.override.yml
		docker-compose.yml = docker-compose.yml
		Readme.md = Readme.md
	EndProjectSection
EndProject
Project("{2150E333-8FDC-42A3-9474-1A3956D46DE8}") = "src", "src", "{817F5C57-39BB-41AE-AC1C-854CA99D03F7}"
EndProject
Project("{2150E333-8FDC-42A3-9474-1A3956D46DE8}") = "APIGateways", "APIGateways", "{88059E65-93D4-4E58-BE35-6997B90897AD}"
EndProject
Project("{2150E333-8FDC-42A3-9474-1A3956D46DE8}") = "BuildingBlocks", "BuildingBlocks", "{53716FE1-D259-454F-B9BD-3BD1559745CE}"
EndProject
Project("{2150E333-8FDC-42A3-9474-1A3956D46DE8}") = "Services", "Services", "{69FA1816-A1BE-49A6-82E4-4106EFAEBCE4}"
EndProject
Project("{2150E333-8FDC-42A3-9474-1A3956D46DE8}") = "WebApps", "WebApps", "{EC45A8E4-9E8A-497A-89D1-8042EA60B891}"
EndProject
Project("{FAE04EC0-301F-11D3-BF4B-00C04F79EFBC}") = "Common.Logging", "Common.Logging\Common.Logging.csproj", "{274392BF-386B-4B99-A7E9-D2721E0FD7ED}"
EndProject
Project("{FAE04EC0-301F-11D3-BF4B-00C04F79EFBC}") = "EventBus.Messages", "EventBus.Message\EventBus.Messages.csproj", "{B3759552-770A-4A88-8BA5-93D53B1E7F6A}"
EndProject
Project("{FAE04EC0-301F-11D3-BF4B-00C04F79EFBC}") = "Basket.API", "Basket.API\Basket.API.csproj", "{9477740D-EFD4-4CF8-849B-4FFE1B191B67}"
EndProject
Project("{FAE04EC0-301F-11D3-BF4B-00C04F79EFBC}") = "Customer.API", "Customer.API\Customer.API.csproj", "{82F80187-77F2-43C9-943C-01D01088F3F1}"
EndProject
Project("{FAE04EC0-301F-11D3-BF4B-00C04F79EFBC}") = "Inventory.API", "Inventory.API\Inventory.API.csproj", "{59F11CFA-C4F1-48A2-A7B8-1B7F65989628}"
EndProject
Project("{FAE04EC0-301F-11D3-BF4B-00C04F79EFBC}") = "Product.API", "Product.API\Product.API.csproj", "{B7F765BD-DFFE-4C7D-B402-831763A3DC30}"
EndProject
Project("{FAE04EC0-301F-11D3-BF4B-00C04F79EFBC}") = "Hangfire.API", "Hangfire.API\Hangfire.API.csproj", "{6A6DF2A8-F291-401F-8308-58C677C34010}"
EndProject
Project("{FAE04EC0-301F-11D3-BF4B-00C04F79EFBC}") = "Constracts", "Constracts\Constracts.csproj", "{E0F22AB1-C3F6-48A4-8F9D-E0A46F9BB3C9}"
EndProject
Project("{FAE04EC0-301F-11D3-BF4B-00C04F79EFBC}") = "Infrastructure", "Infrastructure\Infrastructure.csproj", "{C0D43D3D-63B7-45AD-8F6B-4247E3302C73}"
EndProject
Project("{FAE04EC0-301F-11D3-BF4B-00C04F79EFBC}") = "Shared", "Shared\Shared.csproj", "{1048750C-A0B2-4509-8ED8-ED2F684159E8}"
EndProject
Project("{FAE04EC0-301F-11D3-BF4B-00C04F79EFBC}") = "OcelotAPIGateway", "OcelotAPIGateway\OcelotAPIGateway.csproj", "{21C40CEF-2A07-4152-A94C-7349FC940E3F}"
EndProject
Project("{2150E333-8FDC-42A3-9474-1A3956D46DE8}") = "Order", "Order", "{2BBF9F78-8AB6-43F2-8948-1C23C24CA824}"
EndProject
Project("{FAE04EC0-301F-11D3-BF4B-00C04F79EFBC}") = "Order.API", "Order.API\Order.API.csproj", "{7B5BD661-A0DA-4A8E-87D9-4C17F144561E}"
EndProject
Project("{FAE04EC0-301F-11D3-BF4B-00C04F79EFBC}") = "Order.Application", "Order.Application\Order.Application.csproj", "{50E3C849-5FC1-4E8D-919C-0B0E9647C939}"
EndProject
Project("{FAE04EC0-301F-11D3-BF4B-00C04F79EFBC}") = "Order.Domain", "Order.Domain\Order.Domain.csproj", "{28E71426-B13F-4E5D-8854-DA71FFAD9D4A}"
EndProject
Project("{FAE04EC0-301F-11D3-BF4B-00C04F79EFBC}") = "Order.Infrastructure", "Order.Infrastructure\Order.Infrastructure.csproj", "{A9211EAD-004F-4F9E-9487-089D42B26BA5}"
EndProject
Project("{FAE04EC0-301F-11D3-BF4B-00C04F79EFBC}") = "OrderSubcriber", "OrderConsumer\OrderSubcriber.csproj", "{7AC32B34-BCDF-45F4-9FC9-5FF0B2DFC9FC}"
EndProject
Project("{2150E333-8FDC-42A3-9474-1A3956D46DE8}") = "EventBus", "EventBus", "{81F4E8B3-7F07-473A-B42F-9E763B62BAC6}"
EndProject
Project("{FAE04EC0-301F-11D3-BF4B-00C04F79EFBC}") = "Inventory.gRPC", "Inventory.gRPC\Inventory.gRPC.csproj", "{527B851A-60FA-4107-A7E3-94B92471F0E8}"
EndProject
Global
	GlobalSection(SolutionConfigurationPlatforms) = preSolution
		Debug|Any CPU = Debug|Any CPU
		Release|Any CPU = Release|Any CPU
	EndGlobalSection
	GlobalSection(ProjectConfigurationPlatforms) = postSolution
		{274392BF-386B-4B99-A7E9-D2721E0FD7ED}.Debug|Any CPU.ActiveCfg = Debug|Any CPU
		{274392BF-386B-4B99-A7E9-D2721E0FD7ED}.Debug|Any CPU.Build.0 = Debug|Any CPU
		{274392BF-386B-4B99-A7E9-D2721E0FD7ED}.Release|Any CPU.ActiveCfg = Release|Any CPU
		{274392BF-386B-4B99-A7E9-D2721E0FD7ED}.Release|Any CPU.Build.0 = Release|Any CPU
		{B3759552-770A-4A88-8BA5-93D53B1E7F6A}.Debug|Any CPU.ActiveCfg = Debug|Any CPU
		{B3759552-770A-4A88-8BA5-93D53B1E7F6A}.Debug|Any CPU.Build.0 = Debug|Any CPU
		{B3759552-770A-4A88-8BA5-93D53B1E7F6A}.Release|Any CPU.ActiveCfg = Release|Any CPU
		{B3759552-770A-4A88-8BA5-93D53B1E7F6A}.Release|Any CPU.Build.0 = Release|Any CPU
		{9477740D-EFD4-4CF8-849B-4FFE1B191B67}.Debug|Any CPU.ActiveCfg = Debug|Any CPU
		{9477740D-EFD4-4CF8-849B-4FFE1B191B67}.Debug|Any CPU.Build.0 = Debug|Any CPU
		{9477740D-EFD4-4CF8-849B-4FFE1B191B67}.Release|Any CPU.ActiveCfg = Release|Any CPU
		{9477740D-EFD4-4CF8-849B-4FFE1B191B67}.Release|Any CPU.Build.0 = Release|Any CPU
		{82F80187-77F2-43C9-943C-01D01088F3F1}.Debug|Any CPU.ActiveCfg = Debug|Any CPU
		{82F80187-77F2-43C9-943C-01D01088F3F1}.Debug|Any CPU.Build.0 = Debug|Any CPU
		{82F80187-77F2-43C9-943C-01D01088F3F1}.Release|Any CPU.ActiveCfg = Release|Any CPU
		{82F80187-77F2-43C9-943C-01D01088F3F1}.Release|Any CPU.Build.0 = Release|Any CPU
		{59F11CFA-C4F1-48A2-A7B8-1B7F65989628}.Debug|Any CPU.ActiveCfg = Debug|Any CPU
		{59F11CFA-C4F1-48A2-A7B8-1B7F65989628}.Debug|Any CPU.Build.0 = Debug|Any CPU
		{59F11CFA-C4F1-48A2-A7B8-1B7F65989628}.Release|Any CPU.ActiveCfg = Release|Any CPU
		{59F11CFA-C4F1-48A2-A7B8-1B7F65989628}.Release|Any CPU.Build.0 = Release|Any CPU
		{B7F765BD-DFFE-4C7D-B402-831763A3DC30}.Debug|Any CPU.ActiveCfg = Debug|Any CPU
		{B7F765BD-DFFE-4C7D-B402-831763A3DC30}.Debug|Any CPU.Build.0 = Debug|Any CPU
		{B7F765BD-DFFE-4C7D-B402-831763A3DC30}.Release|Any CPU.ActiveCfg = Release|Any CPU
		{B7F765BD-DFFE-4C7D-B402-831763A3DC30}.Release|Any CPU.Build.0 = Release|Any CPU
		{6A6DF2A8-F291-401F-8308-58C677C34010}.Debug|Any CPU.ActiveCfg = Debug|Any CPU
		{6A6DF2A8-F291-401F-8308-58C677C34010}.Debug|Any CPU.Build.0 = Debug|Any CPU
		{6A6DF2A8-F291-401F-8308-58C677C34010}.Release|Any CPU.ActiveCfg = Release|Any CPU
		{6A6DF2A8-F291-401F-8308-58C677C34010}.Release|Any CPU.Build.0 = Release|Any CPU
		{E0F22AB1-C3F6-48A4-8F9D-E0A46F9BB3C9}.Debug|Any CPU.ActiveCfg = Debug|Any CPU
		{E0F22AB1-C3F6-48A4-8F9D-E0A46F9BB3C9}.Debug|Any CPU.Build.0 = Debug|Any CPU
		{E0F22AB1-C3F6-48A4-8F9D-E0A46F9BB3C9}.Release|Any CPU.ActiveCfg = Release|Any CPU
		{E0F22AB1-C3F6-48A4-8F9D-E0A46F9BB3C9}.Release|Any CPU.Build.0 = Release|Any CPU
		{C0D43D3D-63B7-45AD-8F6B-4247E3302C73}.Debug|Any CPU.ActiveCfg = Debug|Any CPU
		{C0D43D3D-63B7-45AD-8F6B-4247E3302C73}.Debug|Any CPU.Build.0 = Debug|Any CPU
		{C0D43D3D-63B7-45AD-8F6B-4247E3302C73}.Release|Any CPU.ActiveCfg = Release|Any CPU
		{C0D43D3D-63B7-45AD-8F6B-4247E3302C73}.Release|Any CPU.Build.0 = Release|Any CPU
		{1048750C-A0B2-4509-8ED8-ED2F684159E8}.Debug|Any CPU.ActiveCfg = Debug|Any CPU
		{1048750C-A0B2-4509-8ED8-ED2F684159E8}.Debug|Any CPU.Build.0 = Debug|Any CPU
		{1048750C-A0B2-4509-8ED8-ED2F684159E8}.Release|Any CPU.ActiveCfg = Release|Any CPU
		{1048750C-A0B2-4509-8ED8-ED2F684159E8}.Release|Any CPU.Build.0 = Release|Any CPU
		{21C40CEF-2A07-4152-A94C-7349FC940E3F}.Debug|Any CPU.ActiveCfg = Debug|Any CPU
		{21C40CEF-2A07-4152-A94C-7349FC940E3F}.Debug|Any CPU.Build.0 = Debug|Any CPU
		{21C40CEF-2A07-4152-A94C-7349FC940E3F}.Release|Any CPU.ActiveCfg = Release|Any CPU
		{21C40CEF-2A07-4152-A94C-7349FC940E3F}.Release|Any CPU.Build.0 = Release|Any CPU
		{7B5BD661-A0DA-4A8E-87D9-4C17F144561E}.Debug|Any CPU.ActiveCfg = Debug|Any CPU
		{7B5BD661-A0DA-4A8E-87D9-4C17F144561E}.Debug|Any CPU.Build.0 = Debug|Any CPU
		{7B5BD661-A0DA-4A8E-87D9-4C17F144561E}.Release|Any CPU.ActiveCfg = Release|Any CPU
		{7B5BD661-A0DA-4A8E-87D9-4C17F144561E}.Release|Any CPU.Build.0 = Release|Any CPU
		{50E3C849-5FC1-4E8D-919C-0B0E9647C939}.Debug|Any CPU.ActiveCfg = Debug|Any CPU
		{50E3C849-5FC1-4E8D-919C-0B0E9647C939}.Debug|Any CPU.Build.0 = Debug|Any CPU
		{50E3C849-5FC1-4E8D-919C-0B0E9647C939}.Release|Any CPU.ActiveCfg = Release|Any CPU
		{50E3C849-5FC1-4E8D-919C-0B0E9647C939}.Release|Any CPU.Build.0 = Release|Any CPU
		{28E71426-B13F-4E5D-8854-DA71FFAD9D4A}.Debug|Any CPU.ActiveCfg = Debug|Any CPU
		{28E71426-B13F-4E5D-8854-DA71FFAD9D4A}.Debug|Any CPU.Build.0 = Debug|Any CPU
		{28E71426-B13F-4E5D-8854-DA71FFAD9D4A}.Release|Any CPU.ActiveCfg = Release|Any CPU
		{28E71426-B13F-4E5D-8854-DA71FFAD9D4A}.Release|Any CPU.Build.0 = Release|Any CPU
		{A9211EAD-004F-4F9E-9487-089D42B26BA5}.Debug|Any CPU.ActiveCfg = Debug|Any CPU
		{A9211EAD-004F-4F9E-9487-089D42B26BA5}.Debug|Any CPU.Build.0 = Debug|Any CPU
		{A9211EAD-004F-4F9E-9487-089D42B26BA5}.Release|Any CPU.ActiveCfg = Release|Any CPU
		{A9211EAD-004F-4F9E-9487-089D42B26BA5}.Release|Any CPU.Build.0 = Release|Any CPU
		{7AC32B34-BCDF-45F4-9FC9-5FF0B2DFC9FC}.Debug|Any CPU.ActiveCfg = Debug|Any CPU
		{7AC32B34-BCDF-45F4-9FC9-5FF0B2DFC9FC}.Debug|Any CPU.Build.0 = Debug|Any CPU
		{7AC32B34-BCDF-45F4-9FC9-5FF0B2DFC9FC}.Release|Any CPU.ActiveCfg = Release|Any CPU
		{7AC32B34-BCDF-45F4-9FC9-5FF0B2DFC9FC}.Release|Any CPU.Build.0 = Release|Any CPU
		{527B851A-60FA-4107-A7E3-94B92471F0E8}.Debug|Any CPU.ActiveCfg = Debug|Any CPU
		{527B851A-60FA-4107-A7E3-94B92471F0E8}.Debug|Any CPU.Build.0 = Debug|Any CPU
		{527B851A-60FA-4107-A7E3-94B92471F0E8}.Release|Any CPU.ActiveCfg = Release|Any CPU
		{527B851A-60FA-4107-A7E3-94B92471F0E8}.Release|Any CPU.Build.0 = Release|Any CPU
	EndGlobalSection
	GlobalSection(SolutionProperties) = preSolution
		HideSolutionNode = FALSE
	EndGlobalSection
	GlobalSection(NestedProjects) = preSolution
		{88059E65-93D4-4E58-BE35-6997B90897AD} = {817F5C57-39BB-41AE-AC1C-854CA99D03F7}
		{53716FE1-D259-454F-B9BD-3BD1559745CE} = {817F5C57-39BB-41AE-AC1C-854CA99D03F7}
		{69FA1816-A1BE-49A6-82E4-4106EFAEBCE4} = {817F5C57-39BB-41AE-AC1C-854CA99D03F7}
		{EC45A8E4-9E8A-497A-89D1-8042EA60B891} = {817F5C57-39BB-41AE-AC1C-854CA99D03F7}
		{274392BF-386B-4B99-A7E9-D2721E0FD7ED} = {53716FE1-D259-454F-B9BD-3BD1559745CE}
		{B3759552-770A-4A88-8BA5-93D53B1E7F6A} = {81F4E8B3-7F07-473A-B42F-9E763B62BAC6}
		{9477740D-EFD4-4CF8-849B-4FFE1B191B67} = {69FA1816-A1BE-49A6-82E4-4106EFAEBCE4}
		{82F80187-77F2-43C9-943C-01D01088F3F1} = {69FA1816-A1BE-49A6-82E4-4106EFAEBCE4}
		{59F11CFA-C4F1-48A2-A7B8-1B7F65989628} = {69FA1816-A1BE-49A6-82E4-4106EFAEBCE4}
		{B7F765BD-DFFE-4C7D-B402-831763A3DC30} = {69FA1816-A1BE-49A6-82E4-4106EFAEBCE4}
		{6A6DF2A8-F291-401F-8308-58C677C34010} = {69FA1816-A1BE-49A6-82E4-4106EFAEBCE4}
		{E0F22AB1-C3F6-48A4-8F9D-E0A46F9BB3C9} = {53716FE1-D259-454F-B9BD-3BD1559745CE}
		{C0D43D3D-63B7-45AD-8F6B-4247E3302C73} = {53716FE1-D259-454F-B9BD-3BD1559745CE}
		{1048750C-A0B2-4509-8ED8-ED2F684159E8} = {53716FE1-D259-454F-B9BD-3BD1559745CE}
		{21C40CEF-2A07-4152-A94C-7349FC940E3F} = {88059E65-93D4-4E58-BE35-6997B90897AD}
		{2BBF9F78-8AB6-43F2-8948-1C23C24CA824} = {69FA1816-A1BE-49A6-82E4-4106EFAEBCE4}
		{7B5BD661-A0DA-4A8E-87D9-4C17F144561E} = {2BBF9F78-8AB6-43F2-8948-1C23C24CA824}
		{50E3C849-5FC1-4E8D-919C-0B0E9647C939} = {2BBF9F78-8AB6-43F2-8948-1C23C24CA824}
		{28E71426-B13F-4E5D-8854-DA71FFAD9D4A} = {2BBF9F78-8AB6-43F2-8948-1C23C24CA824}
		{A9211EAD-004F-4F9E-9487-089D42B26BA5} = {2BBF9F78-8AB6-43F2-8948-1C23C24CA824}
		{7AC32B34-BCDF-45F4-9FC9-5FF0B2DFC9FC} = {2BBF9F78-8AB6-43F2-8948-1C23C24CA824}
		{81F4E8B3-7F07-473A-B42F-9E763B62BAC6} = {53716FE1-D259-454F-B9BD-3BD1559745CE}
		{527B851A-60FA-4107-A7E3-94B92471F0E8} = {69FA1816-A1BE-49A6-82E4-4106EFAEBCE4}
	EndGlobalSection
EndGlobal
